# Generated by zee get / zee update. Do not edit.
version = 1

[[pkg]]
name = "http"
version = "0.1.0"
source = "path"
path = ".zee/http"
hash = "sha256:9c41c0d448cf95deac22aa0fd4a20f8701e312503786ea663ae1f0ab994249f3"

[[pkg]]
name = "json"
version = "0.1.0"
source = "path"
path = ".zee/json"
hash = "sha256:a01060669eaa1730feb773ffd86009eaf7c66b47c84fb5fbca78890752237537"
