# Generated by zee get / zee update. Do not edit.
version = 1

[[pkg]]
name = "http"
version = "0.1.0"
source = "path"
path = ".zee/http"
hash = "sha256:b5ebc22e698d0574618869fc404d33661e0b19de2de15e59c6a2bbda2974baa7"

[[pkg]]
name = "json"
version = "0.1.0"
source = "path"
path = ".zee/json"
hash = "sha256:a01060669eaa1730feb773ffd86009eaf7c66b47c84fb5fbca78890752237537"
